
Microsoft Visual Studio Solution File, Format Version 12.00
# Visual Studio Version 17
VisualStudioVersion = 17.13.35806.99 d17.13
MinimumVisualStudioVersion = 10.0.40219.1
Project("{FAE04EC0-301F-11D3-BF4B-00C04F79EFBC}") = "ConvStore", "ConvStore\ConvStore.csproj", "{55245D25-FA69-42B5-9E78-0A861E2DB233}"
EndProject
Global
	GlobalSection(SolutionConfigurationPlatforms) = preSolution
		Debug|Any CPU = Debug|Any CPU
		Release|Any CPU = Release|Any CPU
	EndGlobalSection
	GlobalSection(ProjectConfigurationPlatforms) = postSolution
		{55245D25-FA69-42B5-9E78-0A861E2DB233}.Debug|Any CPU.ActiveCfg = Debug|Any CPU
		{55245D25-FA69-42B5-9E78-0A861E2DB233}.Debug|Any CPU.Build.0 = Debug|Any CPU
		{55245D25-FA69-42B5-9E78-0A861E2DB233}.Release|Any CPU.ActiveCfg = Release|Any CPU
		{55245D25-FA69-42B5-9E78-0A861E2DB233}.Release|Any CPU.Build.0 = Release|Any CPU
	EndGlobalSection
	GlobalSection(SolutionProperties) = preSolution
		HideSolutionNode = FALSE
	EndGlobalSection
	GlobalSection(ExtensibilityGlobals) = postSolution
		SolutionGuid = {08E89407-CCF0-4138-B7FE-42A4C8611228}
	EndGlobalSection
EndGlobal
