
Microsoft Visual Studio Solution File, Format Version 12.00
# Visual Studio Version 16
VisualStudioVersion = 16.0.35731.53
MinimumVisualStudioVersion = 10.0.40219.1
Project("{FAE04EC0-301F-11D3-BF4B-00C04F79EFBC}") = "ConvStore", "ConvStore\ConvStore.csproj", "{55245D25-FA69-42B5-9E78-0A861E2DB233}"
EndProject
Project("{FAE04EC0-301F-11D3-BF4B-00C04F79EFBC}") = "SqlFileMerger", "SqlFileMerger\SqlFileMerger.csproj", "{51274F6C-3139-4304-B8CA-FCA8409159EE}"
EndProject
Global
	GlobalSection(SolutionConfigurationPlatforms) = preSolution
		Debug|Any CPU = Debug|Any CPU
		Debug|x64 = Debug|x64
		Debug|x86 = Debug|x86
		Release|Any CPU = Release|Any CPU
		Release|x64 = Release|x64
		Release|x86 = Release|x86
	EndGlobalSection
	GlobalSection(ProjectConfigurationPlatforms) = postSolution
		{55245D25-FA69-42B5-9E78-0A861E2DB233}.Debug|Any CPU.ActiveCfg = Debug|Any CPU
		{55245D25-FA69-42B5-9E78-0A861E2DB233}.Debug|Any CPU.Build.0 = Debug|Any CPU
		{55245D25-FA69-42B5-9E78-0A861E2DB233}.Debug|x64.ActiveCfg = Debug|Any CPU
		{55245D25-FA69-42B5-9E78-0A861E2DB233}.Debug|x64.Build.0 = Debug|Any CPU
		{55245D25-FA69-42B5-9E78-0A861E2DB233}.Debug|x86.ActiveCfg = Debug|Any CPU
		{55245D25-FA69-42B5-9E78-0A861E2DB233}.Debug|x86.Build.0 = Debug|Any CPU
		{55245D25-FA69-42B5-9E78-0A861E2DB233}.Release|Any CPU.ActiveCfg = Release|Any CPU
		{55245D25-FA69-42B5-9E78-0A861E2DB233}.Release|Any CPU.Build.0 = Release|Any CPU
		{55245D25-FA69-42B5-9E78-0A861E2DB233}.Release|x64.ActiveCfg = Release|Any CPU
		{55245D25-FA69-42B5-9E78-0A861E2DB233}.Release|x64.Build.0 = Release|Any CPU
		{55245D25-FA69-42B5-9E78-0A861E2DB233}.Release|x86.ActiveCfg = Release|Any CPU
		{55245D25-FA69-42B5-9E78-0A861E2DB233}.Release|x86.Build.0 = Release|Any CPU
		{51274F6C-3139-4304-B8CA-FCA8409159EE}.Debug|Any CPU.ActiveCfg = Debug|Any CPU
		{51274F6C-3139-4304-B8CA-FCA8409159EE}.Debug|Any CPU.Build.0 = Debug|Any CPU
		{51274F6C-3139-4304-B8CA-FCA8409159EE}.Debug|x64.ActiveCfg = Debug|Any CPU
		{51274F6C-3139-4304-B8CA-FCA8409159EE}.Debug|x64.Build.0 = Debug|Any CPU
		{51274F6C-3139-4304-B8CA-FCA8409159EE}.Debug|x86.ActiveCfg = Debug|Any CPU
		{51274F6C-3139-4304-B8CA-FCA8409159EE}.Debug|x86.Build.0 = Debug|Any CPU
		{51274F6C-3139-4304-B8CA-FCA8409159EE}.Release|Any CPU.ActiveCfg = Release|Any CPU
		{51274F6C-3139-4304-B8CA-FCA8409159EE}.Release|Any CPU.Build.0 = Release|Any CPU
		{51274F6C-3139-4304-B8CA-FCA8409159EE}.Release|x64.ActiveCfg = Release|Any CPU
		{51274F6C-3139-4304-B8CA-FCA8409159EE}.Release|x64.Build.0 = Release|Any CPU
		{51274F6C-3139-4304-B8CA-FCA8409159EE}.Release|x86.ActiveCfg = Release|Any CPU
		{51274F6C-3139-4304-B8CA-FCA8409159EE}.Release|x86.Build.0 = Release|Any CPU
	EndGlobalSection
	GlobalSection(SolutionProperties) = preSolution
		HideSolutionNode = FALSE
	EndGlobalSection
	GlobalSection(ExtensibilityGlobals) = postSolution
		SolutionGuid = {08E89407-CCF0-4138-B7FE-42A4C8611228}
	EndGlobalSection
EndGlobal
